
Microsoft Visual Studio Solution File, Format Version 12.00
# Visual Studio Version 17
VisualStudioVersion = 17.11.35222.181
MinimumVisualStudioVersion = 10.0.40219.1
Project("{FAE04EC0-301F-11D3-BF4B-00C04F79EFBC}") = "DesarrolloTec.Shered", "DesarrolloTec.Shera\DesarrolloTec.Shered.csproj", "{5EA0F30F-F6C1-41D6-9EBE-3EAE9D365D5F}"
EndProject
Project("{FAE04EC0-301F-11D3-BF4B-00C04F79EFBC}") = "DesarrolloTec.API", "DesarrolloTec.API\DesarrolloTec.API.csproj", "{6ED5C434-8C03-4AA7-879D-8545C990CEBE}"
EndProject
Project("{FAE04EC0-301F-11D3-BF4B-00C04F79EFBC}") = "DesarrolloTec.WEB", "DesarrolloTec.WEB\DesarrolloTec.WEB.csproj", "{EF9FE8DD-EE3D-43C4-9109-ACE04065AD8A}"
EndProject
Global
	GlobalSection(SolutionConfigurationPlatforms) = preSolution
		Debug|Any CPU = Debug|Any CPU
		Release|Any CPU = Release|Any CPU
	EndGlobalSection
	GlobalSection(ProjectConfigurationPlatforms) = postSolution
		{5EA0F30F-F6C1-41D6-9EBE-3EAE9D365D5F}.Debug|Any CPU.ActiveCfg = Debug|Any CPU
		{5EA0F30F-F6C1-41D6-9EBE-3EAE9D365D5F}.Debug|Any CPU.Build.0 = Debug|Any CPU
		{5EA0F30F-F6C1-41D6-9EBE-3EAE9D365D5F}.Release|Any CPU.ActiveCfg = Release|Any CPU
		{5EA0F30F-F6C1-41D6-9EBE-3EAE9D365D5F}.Release|Any CPU.Build.0 = Release|Any CPU
		{6ED5C434-8C03-4AA7-879D-8545C990CEBE}.Debug|Any CPU.ActiveCfg = Debug|Any CPU
		{6ED5C434-8C03-4AA7-879D-8545C990CEBE}.Debug|Any CPU.Build.0 = Debug|Any CPU
		{6ED5C434-8C03-4AA7-879D-8545C990CEBE}.Release|Any CPU.ActiveCfg = Release|Any CPU
		{6ED5C434-8C03-4AA7-879D-8545C990CEBE}.Release|Any CPU.Build.0 = Release|Any CPU
		{EF9FE8DD-EE3D-43C4-9109-ACE04065AD8A}.Debug|Any CPU.ActiveCfg = Debug|Any CPU
		{EF9FE8DD-EE3D-43C4-9109-ACE04065AD8A}.Debug|Any CPU.Build.0 = Debug|Any CPU
		{EF9FE8DD-EE3D-43C4-9109-ACE04065AD8A}.Release|Any CPU.ActiveCfg = Release|Any CPU
		{EF9FE8DD-EE3D-43C4-9109-ACE04065AD8A}.Release|Any CPU.Build.0 = Release|Any CPU
	EndGlobalSection
	GlobalSection(SolutionProperties) = preSolution
		HideSolutionNode = FALSE
	EndGlobalSection
	GlobalSection(ExtensibilityGlobals) = postSolution
		SolutionGuid = {5D532B3A-2B06-45B5-AFAC-5EDAED708355}
	EndGlobalSection
EndGlobal
